
Microsoft Visual Studio Solution File, Format Version 12.00
# Visual Studio Version 17
VisualStudioVersion = 17.3.32929.385
MinimumVisualStudioVersion = 10.0.40219.1
Project("{FAE04EC0-301F-11D3-BF4B-00C04F79EFBC}") = "ProductPrice", "ProductPrice\ProductPrice.csproj", "{C2803BAE-E15D-4B9F-8001-A69587906364}"
EndProject
Global
	GlobalSection(SolutionConfigurationPlatforms) = preSolution
		Debug|Any CPU = Debug|Any CPU
		Release|Any CPU = Release|Any CPU
	EndGlobalSection
	GlobalSection(ProjectConfigurationPlatforms) = postSolution
		{C2803BAE-E15D-4B9F-8001-A69587906364}.Debug|Any CPU.ActiveCfg = Debug|Any CPU
		{C2803BAE-E15D-4B9F-8001-A69587906364}.Debug|Any CPU.Build.0 = Debug|Any CPU
		{C2803BAE-E15D-4B9F-8001-A69587906364}.Release|Any CPU.ActiveCfg = Release|Any CPU
		{C2803BAE-E15D-4B9F-8001-A69587906364}.Release|Any CPU.Build.0 = Release|Any CPU
	EndGlobalSection
	GlobalSection(SolutionProperties) = preSolution
		HideSolutionNode = FALSE
	EndGlobalSection
	GlobalSection(ExtensibilityGlobals) = postSolution
		SolutionGuid = {2B64E34F-7C5B-4AF2-9C1C-308343FA8BA6}
	EndGlobalSection
EndGlobal
